
Microsoft Visual Studio Solution File, Format Version 12.00
# Visual Studio Version 17
VisualStudioVersion = 17.9.34310.174
MinimumVisualStudioVersion = 10.0.40219.1
Project("{9A19103F-16F7-4668-BE54-9A1E7A4F7556}") = "EFCore.Visualizer", "EFCore.Visualizer\EFCore.Visualizer.csproj", "{0A37F0A1-ABE4-473F-A4CE-70A8BFE0756C}"
	ProjectSection(ProjectDependencies) = postProject
		{6EE43169-CA52-44E0-AF7F-C381677F6AE0} = {6EE43169-CA52-44E0-AF7F-C381677F6AE0}
	EndProjectSection
EndProject
Project("{9A19103F-16F7-4668-BE54-9A1E7A4F7556}") = "IQueryableObjectSource", "IQueryableObjectSource\IQueryableObjectSource.csproj", "{6EE43169-CA52-44E0-AF7F-C381677F6AE0}"
EndProject
Global
	GlobalSection(SolutionConfigurationPlatforms) = preSolution
		Debug|Any CPU = Debug|Any CPU
		Release|Any CPU = Release|Any CPU
	EndGlobalSection
	GlobalSection(ProjectConfigurationPlatforms) = postSolution
		{0A37F0A1-ABE4-473F-A4CE-70A8BFE0756C}.Debug|Any CPU.ActiveCfg = Debug|Any CPU
		{0A37F0A1-ABE4-473F-A4CE-70A8BFE0756C}.Debug|Any CPU.Build.0 = Debug|Any CPU
		{0A37F0A1-ABE4-473F-A4CE-70A8BFE0756C}.Release|Any CPU.ActiveCfg = Release|Any CPU
		{0A37F0A1-ABE4-473F-A4CE-70A8BFE0756C}.Release|Any CPU.Build.0 = Release|Any CPU
		{6EE43169-CA52-44E0-AF7F-C381677F6AE0}.Debug|Any CPU.ActiveCfg = Debug|Any CPU
		{6EE43169-CA52-44E0-AF7F-C381677F6AE0}.Debug|Any CPU.Build.0 = Debug|Any CPU
		{6EE43169-CA52-44E0-AF7F-C381677F6AE0}.Release|Any CPU.ActiveCfg = Release|Any CPU
		{6EE43169-CA52-44E0-AF7F-C381677F6AE0}.Release|Any CPU.Build.0 = Release|Any CPU
	EndGlobalSection
	GlobalSection(SolutionProperties) = preSolution
		HideSolutionNode = FALSE
	EndGlobalSection
	GlobalSection(ExtensibilityGlobals) = postSolution
		SolutionGuid = {7CF8108C-2EE6-4735-866E-22A726F8D4E9}
	EndGlobalSection
EndGlobal
